NeoBundleLock vim-surround fa433e0b7330753688f715f3be5d10dc480f20e5
NeoBundleLock vim-endwise 96eb11755bb2d1a5583d44e9bcd10481bca45693
NeoBundleLock vim-swift a0f827964ec5066e3f5748004626a7e31094cf3d
NeoBundleLock rspec.vim d606c73b616a41ff0328e5059f7b3300433af700
NeoBundleLock vim-rspec cf7eb2fe54d5adf5dcc0a13d680ab4820765d520
NeoBundleLock vimshell 12d58a625df2814aab9e62688112c59c2861e77b
NeoBundleLock candy.vim 0572bb3668dbc392271c38c205d7a10b536a86f4
NeoBundleLock vim-lucius cf17795635120fb304f86578f902d66bb91b4978
NeoBundleLock unite.vim 5224efa2ee06a97e4982adeb4b67291c62a3cca4
NeoBundleLock neosnippet-snippets 2b8a3fb4f429be5c58ae7d4097eb2f1bc67aae9d
NeoBundleLock vimfiler 651624ccba23e39f3245a062c8224a267b68af0d
NeoBundleLock molokai db8ce13b3737d3ddea8368498183d7c204a762eb
NeoBundleLock gruvbox 1e2ab2027cf07ff070a5ad7dea2d5d601837ee94
NeoBundleLock vim-railscasts-theme 9035daff38dbbd30229890f26e54d9a7a71deca3
NeoBundleLock iceberg.vim 0dc4b4d07b453ddd17c2a78a37190b4dc18568f0
NeoBundleLock vim-tomorrow-theme 8add71a5fada87b8db25971fd5807bb8a35fde13
NeoBundleLock jellybeans.vim 0761708c890becd3e027551068e0ae272da003e0
NeoBundleLock nerdtree 4f1e6ecb057fc0bac189171c1430d71ef25f6bb1
NeoBundleLock vimproc 3e055023dfab4f5a4dfa05a834f9d0cb7294a82e
NeoBundleLock codeschool-vim-theme 880cc5470dace0fb5de204d68a918a6fdc61232d
NeoBundleLock lightline-badwolf.vim e27ab8f31e6413d0b00b3ca7544e7a11b3567376
NeoBundleLock neosnippet 47342389214ed9f7cf3e0b38cf9991e88b222ace
NeoBundleLock neocomplcache 237442924ac366015e6e0a8a13a31ac37be0c696
NeoBundleLock vim-rails 075a0100b88489215aaeb4280143ce8a5e8ebc7b
NeoBundleLock vim-colors-solarized 528a59f26d12278698bb946f8fb82a63711eec21
NeoBundleLock vim-coffee-script 827e4a38b07479433b619091469a7495a392df8a
NeoBundleLock vim-hybrid 471b235306b94850a3c6b1d2d9e5203e9919c15e
NeoBundleLock neobundle.vim 14eca907757e83c52713966037799509b9afaf39
NeoBundleLock vim-ruby 5e429a504f016c86a8989be2554239d175e366e9
NeoBundleLock badwolf e6fdf1844ac7fe9f479f93846081f9294eb992c0
